dependencies:
- name: among-clusters-hub
  repository: file://../among-clusters-hub
  version: 0.3.23
- name: among-clusters-agent
  repository: file://../among-clusters-agent
  version: 0.3.23
- name: among-clusters-headlamp
  repository: file://../among-clusters-headlamp
  version: 0.3.23
digest: sha256:e94a83e4fb36d4a1d909a28d2d3214c9e30675c0509ce0f0d931456b40dcab37
generated: "2026-09-11T10:56:01.090561+08:00"
